<?xml version="1.0" encoding="utf-8"?>
<Project ToolsVersion="4.0" xmlns="http://schemas.microsoft.com/developer/msbuild/2003">
  <ItemGroup>
    <ClCompile Include="Const.cpp">
      <Filter>Source Files</Filter>
    </ClCompile>
    <ClCompile Include="Machine.cpp">
      <Filter>Source Files</Filter>
    </ClCompile>
    <ClCompile Include="MachineDlg.cpp">
      <Filter>Source Files</Filter>
    </ClCompile>
    <ClCompile Include="MachineFactory.cpp">
      <Filter>Source Files</Filter>
    </ClCompile>
    <ClCompile Include="MachineLib.cpp">
      <Filter>Source Files</Filter>
    </ClCompile>
    <ClCompile Include="MachineStandin.cpp">
      <Filter>Source Files</Filter>
    </ClCompile>
    <ClCompile Include="Polygon.cpp">
      <Filter>Source Files</Filter>
    </ClCompile>
    <ClCompile Include="pch.cpp">
      <Filter>Source Files</Filter>
    </ClCompile>
    <ClCompile Include="Vector.cpp">
      <Filter>Source Files</Filter>
    </ClCompile>
    <ClCompile Include="MouseTrap.cpp">
      <Filter>Source Files</Filter>
    </ClCompile>
    <ClCompile Include="ActualMouseTrap.cpp">
      <Filter>Source Files</Filter>
    </ClCompile>
    <ClCompile Include="Component.cpp">
      <Filter>Source Files</Filter>
    </ClCompile>
    <ClCompile Include="Mouse.cpp">
      <Filter>Source Files</Filter>
    </ClCompile>
    <ClCompile Include="Motor.cpp">
      <Filter>Source Files</Filter>
    </ClCompile>
    <ClCompile Include="Shape.cpp">
      <Filter>Source Files</Filter>
    </ClCompile>
    <ClCompile Include="Trap.cpp">
      <Filter>Source Files</Filter>
    </ClCompile>
    <ClCompile Include="Pin.cpp">
      <Filter>Source Files</Filter>
    </ClCompile>
    <ClCompile Include="Winch.cpp">
      <Filter>Source Files</Filter>
    </ClCompile>
    <ClCompile Include="Gear.cpp">
      <Filter>Source Files</Filter>
    </ClCompile>
    <ClCompile Include="Cable.cpp">
      <Filter>Source Files</Filter>
    </ClCompile>
    <ClCompile Include="RotationSource.cpp">
      <Filter>Source Files</Filter>
    </ClCompile>
    <ClCompile Include="Sink.cpp">
      <Filter>Source Files</Filter>
    </ClCompile>
  </ItemGroup>
  <ItemGroup>
    <ClInclude Include="Const.h" />
    <ClInclude Include="Machine.h">
      <Filter>Header Files</Filter>
    </ClInclude>
    <ClInclude Include="MachineDlg.h">
      <Filter>Header Files</Filter>
    </ClInclude>
    <ClInclude Include="MachineFactory.h">
      <Filter>Header Files</Filter>
    </ClInclude>
    <ClInclude Include="MachineLib.h">
      <Filter>Header Files</Filter>
    </ClInclude>
    <ClInclude Include="MachineStandin.h">
      <Filter>Header Files</Filter>
    </ClInclude>
    <ClInclude Include="Polygon.h">
      <Filter>Header Files</Filter>
    </ClInclude>
    <ClInclude Include="Resource.h">
      <Filter>Header Files</Filter>
    </ClInclude>
    <ClInclude Include="targetver.h">
      <Filter>Header Files</Filter>
    </ClInclude>
    <ClInclude Include="pch.h">
      <Filter>Header Files</Filter>
    </ClInclude>
    <ClInclude Include="Vector.h">
      <Filter>Header Files</Filter>
    </ClInclude>
    <ClInclude Include="MouseTrap.h">
      <Filter>Header Files</Filter>
    </ClInclude>
    <ClInclude Include="ActualMouseTrap.h">
      <Filter>Header Files</Filter>
    </ClInclude>
    <ClInclude Include="Component.h">
      <Filter>Header Files</Filter>
    </ClInclude>
    <ClInclude Include="Mouse.h">
      <Filter>Header Files</Filter>
    </ClInclude>
    <ClInclude Include="Motor.h">
      <Filter>Header Files</Filter>
    </ClInclude>
    <ClInclude Include="Shape.h">
      <Filter>Header Files</Filter>
    </ClInclude>
    <ClInclude Include="Trap.h">
      <Filter>Header Files</Filter>
    </ClInclude>
    <ClInclude Include="Pin.h">
      <Filter>Header Files</Filter>
    </ClInclude>
    <ClInclude Include="Winch.h">
      <Filter>Header Files</Filter>
    </ClInclude>
    <ClInclude Include="Gear.h">
      <Filter>Header Files</Filter>
    </ClInclude>
    <ClInclude Include="Cable.h">
      <Filter>Header Files</Filter>
    </ClInclude>
    <ClInclude Include="RotationSource.h">
      <Filter>Header Files</Filter>
    </ClInclude>
    <ClInclude Include="Sink.h">
      <Filter>Header Files</Filter>
    </ClInclude>
  </ItemGroup>
  <ItemGroup>
    <ResourceCompile Include="MachineLib.rc" />
  </ItemGroup>
  <ItemGroup>
    <Image Include="res\machine.bmp" />
    <Image Include="res\tree100.bmp" />
  </ItemGroup>
  <ItemGroup>
    <None Include="res\MachineLib.rc2" />
    <None Include="MachineLib.def" />
  </ItemGroup>
  <ItemGroup>
    <Filter Include="Header Files">
      <UniqueIdentifier>{692b722e-e21d-441f-986a-757c9c25119a}</UniqueIdentifier>
    </Filter>
    <Filter Include="Source Files">
      <UniqueIdentifier>{998bb585-6468-4e82-a36a-f95bd3673752}</UniqueIdentifier>
    </Filter>
  </ItemGroup>
</Project>